// !$*UTF8*$!
{
	archiveVersion = 1;
	classes = {
	};
	objectVersion = 50;
	objects = {

/* Begin PBXBuildFile section */
		213903BC2859B2B1004AB786 /* NoteAppleWatchApp WatchKit App.app in Embed Watch Content */ = {isa = PBXBuildFile; fileRef = 213903BB2859B2B1004AB786 /* NoteAppleWatchApp WatchKit App.app */; settings = {ATTRIBUTES = (RemoveHeadersOnCopy, ); }; };
		213903C22859B2B1004AB786 /* Interface.storyboard in Resources */ = {isa = PBXBuildFile; fileRef = 213903C02859B2B1004AB786 /* Interface.storyboard */; };
		213903C42859B2B7004AB786 /* Assets.xcassets in Resources */ = {isa = PBXBuildFile; fileRef = 213903C32859B2B7004AB786 /* Assets.xcassets */; };
		213903CB2859B2B7004AB786 /* NoteAppleWatchApp WatchKit Extension.appex in Embed App Extensions */ = {isa = PBXBuildFile; fileRef = 213903CA2859B2B7004AB786 /* NoteAppleWatchApp WatchKit Extension.appex */; settings = {ATTRIBUTES = (RemoveHeadersOnCopy, ); }; };
		213903D02859B2B7004AB786 /* ContentView.swift in Sources */ = {isa = PBXBuildFile; fileRef = 213903CF2859B2B7004AB786 /* ContentView.swift */; };
		213903D22859B2B7004AB786 /* HostingController.swift in Sources */ = {isa = PBXBuildFile; fileRef = 213903D12859B2B7004AB786 /* HostingController.swift */; };
		213903D42859B2B7004AB786 /* ExtensionDelegate.swift in Sources */ = {isa = PBXBuildFile; fileRef = 213903D32859B2B7004AB786 /* ExtensionDelegate.swift */; };
		213903D62859B2B9004AB786 /* Assets.xcassets in Resources */ = {isa = PBXBuildFile; fileRef = 213903D52859B2B9004AB786 /* Assets.xcassets */; };
		213903D92859B2B9004AB786 /* Preview Assets.xcassets in Resources */ = {isa = PBXBuildFile; fileRef = 213903D82859B2B9004AB786 /* Preview Assets.xcassets */; };
/* End PBXBuildFile section */

/* Begin PBXContainerItemProxy section */
		213903BD2859B2B1004AB786 /* PBXContainerItemProxy */ = {
			isa = PBXContainerItemProxy;
			containerPortal = 213903B12859B2B1004AB786 /* Project object */;
			proxyType = 1;
			remoteGlobalIDString = 213903BA2859B2B1004AB786;
			remoteInfo = "NoteAppleWatchApp WatchKit App";
		};
		213903CC2859B2B7004AB786 /* PBXContainerItemProxy */ = {
			isa = PBXContainerItemProxy;
			containerPortal = 213903B12859B2B1004AB786 /* Project object */;
			proxyType = 1;
			remoteGlobalIDString = 213903C92859B2B7004AB786;
			remoteInfo = "NoteAppleWatchApp WatchKit Extension";
		};
/* End PBXContainerItemProxy section */

/* Begin PBXCopyFilesBuildPhase section */
		213903E02859B2B9004AB786 /* Embed App Extensions */ = {
			isa = PBXCopyFilesBuildPhase;
			buildActionMask = 2147483647;
			dstPath = "";
			dstSubfolderSpec = 13;
			files = (
				213903CB2859B2B7004AB786 /* NoteAppleWatchApp WatchKit Extension.appex in Embed App Extensions */,
			);
			name = "Embed App Extensions";
			runOnlyForDeploymentPostprocessing = 0;
		};
		213903E42859B2B9004AB786 /* Embed Watch Content */ = {
			isa = PBXCopyFilesBuildPhase;
			buildActionMask = 2147483647;
			dstPath = "$(CONTENTS_FOLDER_PATH)/Watch";
			dstSubfolderSpec = 16;
			files = (
				213903BC2859B2B1004AB786 /* NoteAppleWatchApp WatchKit App.app in Embed Watch Content */,
			);
			name = "Embed Watch Content";
			runOnlyForDeploymentPostprocessing = 0;
		};
/* End PBXCopyFilesBuildPhase section */

/* Begin PBXFileReference section */
		213903B72859B2B1004AB786 /* NoteAppleWatchApp.app */ = {isa = PBXFileReference; explicitFileType = wrapper.application; includeInIndex = 0; path = NoteAppleWatchApp.app; sourceTree = BUILT_PRODUCTS_DIR; };
		213903BB2859B2B1004AB786 /* NoteAppleWatchApp WatchKit App.app */ = {isa = PBXFileReference; explicitFileType = wrapper.application; includeInIndex = 0; path = "NoteAppleWatchApp WatchKit App.app"; sourceTree = BUILT_PRODUCTS_DIR; };
		213903C12859B2B1004AB786 /* Base */ = {isa = PBXFileReference; lastKnownFileType = file.storyboard; name = Base; path = Base.lproj/Interface.storyboard; sourceTree = "<group>"; };
		213903C32859B2B7004AB786 /* Assets.xcassets */ = {isa = PBXFileReference; lastKnownFileType = folder.assetcatalog; path = Assets.xcassets; sourceTree = "<group>"; };
		213903C52859B2B7004AB786 /* Info.plist */ = {isa = PBXFileReference; lastKnownFileType = text.plist.xml; path = Info.plist; sourceTree = "<group>"; };
		213903CA2859B2B7004AB786 /* NoteAppleWatchApp WatchKit Extension.appex */ = {isa = PBXFileReference; explicitFileType = "wrapper.app-extension"; includeInIndex = 0; path = "NoteAppleWatchApp WatchKit Extension.appex"; sourceTree = BUILT_PRODUCTS_DIR; };
		213903CF2859B2B7004AB786 /* ContentView.swift */ = {isa = PBXFileReference; lastKnownFileType = sourcecode.swift; path = ContentView.swift; sourceTree = "<group>"; };
		213903D12859B2B7004AB786 /* HostingController.swift */ = {isa = PBXFileReference; lastKnownFileType = sourcecode.swift; path = HostingController.swift; sourceTree = "<group>"; };
		213903D32859B2B7004AB786 /* ExtensionDelegate.swift */ = {isa = PBXFileReference; lastKnownFileType = sourcecode.swift; path = ExtensionDelegate.swift; sourceTree = "<group>"; };
		213903D52859B2B9004AB786 /* Assets.xcassets */ = {isa = PBXFileReference; lastKnownFileType = folder.assetcatalog; path = Assets.xcassets; sourceTree = "<group>"; };
		213903D82859B2B9004AB786 /* Preview Assets.xcassets */ = {isa = PBXFileReference; lastKnownFileType = folder.assetcatalog; path = "Preview Assets.xcassets"; sourceTree = "<group>"; };
		213903DA2859B2B9004AB786 /* Info.plist */ = {isa = PBXFileReference; lastKnownFileType = text.plist.xml; path = Info.plist; sourceTree = "<group>"; };
/* End PBXFileReference section */

/* Begin PBXFrameworksBuildPhase section */
		213903C72859B2B7004AB786 /* Frameworks */ = {
			isa = PBXFrameworksBuildPhase;
			buildActionMask = 2147483647;
			files = (
			);
			runOnlyForDeploymentPostprocessing = 0;
		};
/* End PBXFrameworksBuildPhase section */

/* Begin PBXGroup section */
		213903B02859B2B1004AB786 = {
			isa = PBXGroup;
			children = (
				213903BF2859B2B1004AB786 /* NoteAppleWatchApp WatchKit App */,
				213903CE2859B2B7004AB786 /* NoteAppleWatchApp WatchKit Extension */,
				213903B82859B2B1004AB786 /* Products */,
			);
			sourceTree = "<group>";
		};
		213903B82859B2B1004AB786 /* Products */ = {
			isa = PBXGroup;
			children = (
				213903B72859B2B1004AB786 /* NoteAppleWatchApp.app */,
				213903BB2859B2B1004AB786 /* NoteAppleWatchApp WatchKit App.app */,
				213903CA2859B2B7004AB786 /* NoteAppleWatchApp WatchKit Extension.appex */,
			);
			name = Products;
			sourceTree = "<group>";
		};
		213903BF2859B2B1004AB786 /* NoteAppleWatchApp WatchKit App */ = {
			isa = PBXGroup;
			children = (
				213903C02859B2B1004AB786 /* Interface.storyboard */,
				213903C32859B2B7004AB786 /* Assets.xcassets */,
				213903C52859B2B7004AB786 /* Info.plist */,
			);
			path = "NoteAppleWatchApp WatchKit App";
			sourceTree = "<group>";
		};
		213903CE2859B2B7004AB786 /* NoteAppleWatchApp WatchKit Extension */ = {
			isa = PBXGroup;
			children = (
				213903CF2859B2B7004AB786 /* ContentView.swift */,
				213903D12859B2B7004AB786 /* HostingController.swift */,
				213903D32859B2B7004AB786 /* ExtensionDelegate.swift */,
				213903D52859B2B9004AB786 /* Assets.xcassets */,
				213903DA2859B2B9004AB786 /* Info.plist */,
				213903D72859B2B9004AB786 /* Preview Content */,
			);
			path = "NoteAppleWatchApp WatchKit Extension";
			sourceTree = "<group>";
		};
		213903D72859B2B9004AB786 /* Preview Content */ = {
			isa = PBXGroup;
			children = (
				213903D82859B2B9004AB786 /* Preview Assets.xcassets */,
			);
			path = "Preview Content";
			sourceTree = "<group>";
		};
/* End PBXGroup section */

/* Begin PBXNativeTarget section */
		213903B62859B2B1004AB786 /* NoteAppleWatchApp */ = {
			isa = PBXNativeTarget;
			buildConfigurationList = 213903E52859B2B9004AB786 /* Build configuration list for PBXNativeTarget "NoteAppleWatchApp" */;
			buildPhases = (
				213903B52859B2B1004AB786 /* Resources */,
				213903E42859B2B9004AB786 /* Embed Watch Content */,
			);
			buildRules = (
			);
			dependencies = (
				213903BE2859B2B1004AB786 /* PBXTargetDependency */,
			);
			name = NoteAppleWatchApp;
			productName = NoteAppleWatchApp;
			productReference = 213903B72859B2B1004AB786 /* NoteAppleWatchApp.app */;
			productType = "com.apple.product-type.application.watchapp2-container";
		};
		213903BA2859B2B1004AB786 /* NoteAppleWatchApp WatchKit App */ = {
			isa = PBXNativeTarget;
			buildConfigurationList = 213903E12859B2B9004AB786 /* Build configuration list for PBXNativeTarget "NoteAppleWatchApp WatchKit App" */;
			buildPhases = (
				213903B92859B2B1004AB786 /* Resources */,
				213903E02859B2B9004AB786 /* Embed App Extensions */,
			);
			buildRules = (
			);
			dependencies = (
				213903CD2859B2B7004AB786 /* PBXTargetDependency */,
			);
			name = "NoteAppleWatchApp WatchKit App";
			productName = "NoteAppleWatchApp WatchKit App";
			productReference = 213903BB2859B2B1004AB786 /* NoteAppleWatchApp WatchKit App.app */;
			productType = "com.apple.product-type.application.watchapp2";
		};
		213903C92859B2B7004AB786 /* NoteAppleWatchApp WatchKit Extension */ = {
			isa = PBXNativeTarget;
			buildConfigurationList = 213903DD2859B2B9004AB786 /* Build configuration list for PBXNativeTarget "NoteAppleWatchApp WatchKit Extension" */;
			buildPhases = (
				213903C62859B2B7004AB786 /* Sources */,
				213903C72859B2B7004AB786 /* Frameworks */,
				213903C82859B2B7004AB786 /* Resources */,
			);
			buildRules = (
			);
			dependencies = (
			);
			name = "NoteAppleWatchApp WatchKit Extension";
			productName = "NoteAppleWatchApp WatchKit Extension";
			productReference = 213903CA2859B2B7004AB786 /* NoteAppleWatchApp WatchKit Extension.appex */;
			productType = "com.apple.product-type.watchkit2-extension";
		};
/* End PBXNativeTarget section */

/* Begin PBXProject section */
		213903B12859B2B1004AB786 /* Project object */ = {
			isa = PBXProject;
			attributes = {
				LastSwiftUpdateCheck = 1160;
				LastUpgradeCheck = 1160;
				ORGANIZATIONNAME = "AJ Inc.";
				TargetAttributes = {
					213903B62859B2B1004AB786 = {
						CreatedOnToolsVersion = 11.6;
					};
					213903BA2859B2B1004AB786 = {
						CreatedOnToolsVersion = 11.6;
					};
					213903C92859B2B7004AB786 = {
						CreatedOnToolsVersion = 11.6;
					};
				};
			};
			buildConfigurationList = 213903B42859B2B1004AB786 /* Build configuration list for PBXProject "NoteAppleWatchApp" */;
			compatibilityVersion = "Xcode 9.3";
			developmentRegion = en;
			hasScannedForEncodings = 0;
			knownRegions = (
				en,
				Base,
			);
			mainGroup = 213903B02859B2B1004AB786;
			productRefGroup = 213903B82859B2B1004AB786 /* Products */;
			projectDirPath = "";
			projectRoot = "";
			targets = (
				213903B62859B2B1004AB786 /* NoteAppleWatchApp */,
				213903BA2859B2B1004AB786 /* NoteAppleWatchApp WatchKit App */,
				213903C92859B2B7004AB786 /* NoteAppleWatchApp WatchKit Extension */,
			);
		};
/* End PBXProject section */

/* Begin PBXResourcesBuildPhase section */
		213903B52859B2B1004AB786 /* Resources */ = {
			isa = PBXResourcesBuildPhase;
			buildActionMask = 2147483647;
			files = (
			);
			runOnlyForDeploymentPostprocessing = 0;
		};
		213903B92859B2B1004AB786 /* Resources */ = {
			isa = PBXResourcesBuildPhase;
			buildActionMask = 2147483647;
			files = (
				213903C42859B2B7004AB786 /* Assets.xcassets in Resources */,
				213903C22859B2B1004AB786 /* Interface.storyboard in Resources */,
			);
			runOnlyForDeploymentPostprocessing = 0;
		};
		213903C82859B2B7004AB786 /* Resources */ = {
			isa = PBXResourcesBuildPhase;
			buildActionMask = 2147483647;
			files = (
				213903D92859B2B9004AB786 /* Preview Assets.xcassets in Resources */,
				213903D62859B2B9004AB786 /* Assets.xcassets in Resources */,
			);
			runOnlyForDeploymentPostprocessing = 0;
		};
/* End PBXResourcesBuildPhase section */

/* Begin PBXSourcesBuildPhase section */
		213903C62859B2B7004AB786 /* Sources */ = {
			isa = PBXSourcesBuildPhase;
			buildActionMask = 2147483647;
			files = (
				213903D22859B2B7004AB786 /* HostingController.swift in Sources */,
				213903D02859B2B7004AB786 /* ContentView.swift in Sources */,
				213903D42859B2B7004AB786 /* ExtensionDelegate.swift in Sources */,
			);
			runOnlyForDeploymentPostprocessing = 0;
		};
/* End PBXSourcesBuildPhase section */

/* Begin PBXTargetDependency section */
		213903BE2859B2B1004AB786 /* PBXTargetDependency */ = {
			isa = PBXTargetDependency;
			target = 213903BA2859B2B1004AB786 /* NoteAppleWatchApp WatchKit App */;
			targetProxy = 213903BD2859B2B1004AB786 /* PBXContainerItemProxy */;
		};
		213903CD2859B2B7004AB786 /* PBXTargetDependency */ = {
			isa = PBXTargetDependency;
			target = 213903C92859B2B7004AB786 /* NoteAppleWatchApp WatchKit Extension */;
			targetProxy = 213903CC2859B2B7004AB786 /* PBXContainerItemProxy */;
		};
/* End PBXTargetDependency section */

/* Begin PBXVariantGroup section */
		213903C02859B2B1004AB786 /* Interface.storyboard */ = {
			isa = PBXVariantGroup;
			children = (
				213903C12859B2B1004AB786 /* Base */,
			);
			name = Interface.storyboard;
			sourceTree = "<group>";
		};
/* End PBXVariantGroup section */

/* Begin XCBuildConfiguration section */
		213903DB2859B2B9004AB786 /* Debug */ = {
			isa = XCBuildConfiguration;
			buildSettings = {
				ALWAYS_SEARCH_USER_PATHS = NO;
				CLANG_ANALYZER_NONNULL = YES;
				CLANG_ANALYZER_NUMBER_OBJECT_CONVERSION = YES_AGGRESSIVE;
				CLANG_CXX_LANGUAGE_STANDARD = "gnu++14";
				CLANG_CXX_LIBRARY = "libc++";
				CLANG_ENABLE_MODULES = YES;
				CLANG_ENABLE_OBJC_ARC = YES;
				CLANG_ENABLE_OBJC_WEAK = YES;
				CLANG_WARN_BLOCK_CAPTURE_AUTORELEASING = YES;
				CLANG_WARN_BOOL_CONVERSION = YES;
				CLANG_WARN_COMMA = YES;
				CLANG_WARN_CONSTANT_CONVERSION = YES;
				CLANG_WARN_DEPRECATED_OBJC_IMPLEMENTATIONS = YES;
				CLANG_WARN_DIRECT_OBJC_ISA_USAGE = YES_ERROR;
				CLANG_WARN_DOCUMENTATION_COMMENTS = YES;
				CLANG_WARN_EMPTY_BODY = YES;
				CLANG_WARN_ENUM_CONVERSION = YES;
				CLANG_WARN_INFINITE_RECURSION = YES;
				CLANG_WARN_INT_CONVERSION = YES;
				CLANG_WARN_NON_LITERAL_NULL_CONVERSION = YES;
				CLANG_WARN_OBJC_IMPLICIT_RETAIN_SELF = YES;
				CLANG_WARN_OBJC_LITERAL_CONVERSION = YES;
				CLANG_WARN_OBJC_ROOT_CLASS = YES_ERROR;
				CLANG_WARN_RANGE_LOOP_ANALYSIS = YES;
				CLANG_WARN_STRICT_PROTOTYPES = YES;
				CLANG_WARN_SUSPICIOUS_MOVE = YES;
				CLANG_WARN_UNGUARDED_AVAILABILITY = YES_AGGRESSIVE;
				CLANG_WARN_UNREACHABLE_CODE = YES;
				CLANG_WARN__DUPLICATE_METHOD_MATCH = YES;
				COPY_PHASE_STRIP = NO;
				DEBUG_INFORMATION_FORMAT = dwarf;
				ENABLE_STRICT_OBJC_MSGSEND = YES;
				ENABLE_TESTABILITY = YES;
				GCC_C_LANGUAGE_STANDARD = gnu11;
				GCC_DYNAMIC_NO_PIC = NO;
				GCC_NO_COMMON_BLOCKS = YES;
				GCC_OPTIMIZATION_LEVEL = 0;
				GCC_PREPROCESSOR_DEFINITIONS = (
					"DEBUG=1",
					"$(inherited)",
				);
				GCC_WARN_64_TO_32_BIT_CONVERSION = YES;
				GCC_WARN_ABOUT_RETURN_TYPE = YES_ERROR;
				GCC_WARN_UNDECLARED_SELECTOR = YES;
				GCC_WARN_UNINITIALIZED_AUTOS = YES_AGGRESSIVE;
				GCC_WARN_UNUSED_FUNCTION = YES;
				GCC_WARN_UNUSED_VARIABLE = YES;
				MTL_ENABLE_DEBUG_INFO = INCLUDE_SOURCE;
				MTL_FAST_MATH = YES;
				ONLY_ACTIVE_ARCH = YES;
				SDKROOT = iphoneos;
				SWIFT_ACTIVE_COMPILATION_CONDITIONS = DEBUG;
				SWIFT_OPTIMIZATION_LEVEL = "-Onone";
			};
			name = Debug;
		};
		213903DC2859B2B9004AB786 /* Release */ = {
			isa = XCBuildConfiguration;
			buildSettings = {
				ALWAYS_SEARCH_USER_PATHS = NO;
				CLANG_ANALYZER_NONNULL = YES;
				CLANG_ANALYZER_NUMBER_OBJECT_CONVERSION = YES_AGGRESSIVE;
				CLANG_CXX_LANGUAGE_STANDARD = "gnu++14";
				CLANG_CXX_LIBRARY = "libc++";
				CLANG_ENABLE_MODULES = YES;
				CLANG_ENABLE_OBJC_ARC = YES;
				CLANG_ENABLE_OBJC_WEAK = YES;
				CLANG_WARN_BLOCK_CAPTURE_AUTORELEASING = YES;
				CLANG_WARN_BOOL_CONVERSION = YES;
				CLANG_WARN_COMMA = YES;
				CLANG_WARN_CONSTANT_CONVERSION = YES;
				CLANG_WARN_DEPRECATED_OBJC_IMPLEMENTATIONS = YES;
				CLANG_WARN_DIRECT_OBJC_ISA_USAGE = YES_ERROR;
				CLANG_WARN_DOCUMENTATION_COMMENTS = YES;
				CLANG_WARN_EMPTY_BODY = YES;
				CLANG_WARN_ENUM_CONVERSION = YES;
				CLANG_WARN_INFINITE_RECURSION = YES;
				CLANG_WARN_INT_CONVERSION = YES;
				CLANG_WARN_NON_LITERAL_NULL_CONVERSION = YES;
				CLANG_WARN_OBJC_IMPLICIT_RETAIN_SELF = YES;
				CLANG_WARN_OBJC_LITERAL_CONVERSION = YES;
				CLANG_WARN_OBJC_ROOT_CLASS = YES_ERROR;
				CLANG_WARN_RANGE_LOOP_ANALYSIS = YES;
				CLANG_WARN_STRICT_PROTOTYPES = YES;
				CLANG_WARN_SUSPICIOUS_MOVE = YES;
				CLANG_WARN_UNGUARDED_AVAILABILITY = YES_AGGRESSIVE;
				CLANG_WARN_UNREACHABLE_CODE = YES;
				CLANG_WARN__DUPLICATE_METHOD_MATCH = YES;
				COPY_PHASE_STRIP = NO;
				DEBUG_INFORMATION_FORMAT = "dwarf-with-dsym";
				ENABLE_NS_ASSERTIONS = NO;
				ENABLE_STRICT_OBJC_MSGSEND = YES;
				GCC_C_LANGUAGE_STANDARD = gnu11;
				GCC_NO_COMMON_BLOCKS = YES;
				GCC_WARN_64_TO_32_BIT_CONVERSION = YES;
				GCC_WARN_ABOUT_RETURN_TYPE = YES_ERROR;
				GCC_WARN_UNDECLARED_SELECTOR = YES;
				GCC_WARN_UNINITIALIZED_AUTOS = YES_AGGRESSIVE;
				GCC_WARN_UNUSED_FUNCTION = YES;
				GCC_WARN_UNUSED_VARIABLE = YES;
				MTL_ENABLE_DEBUG_INFO = NO;
				MTL_FAST_MATH = YES;
				SDKROOT = iphoneos;
				SWIFT_COMPILATION_MODE = wholemodule;
				SWIFT_OPTIMIZATION_LEVEL = "-O";
				VALIDATE_PRODUCT = YES;
			};
			name = Release;
		};
		213903DE2859B2B9004AB786 /* Debug */ = {
			isa = XCBuildConfiguration;
			buildSettings = {
				ASSETCATALOG_COMPILER_COMPLICATION_NAME = Complication;
				CODE_SIGN_STYLE = Automatic;
				DEVELOPMENT_ASSET_PATHS = "\"NoteAppleWatchApp WatchKit Extension/Preview Content\"";
				ENABLE_PREVIEWS = YES;
				INFOPLIST_FILE = "NoteAppleWatchApp WatchKit Extension/Info.plist";
				LD_RUNPATH_SEARCH_PATHS = (
					"$(inherited)",
					"@executable_path/Frameworks",
					"@executable_path/../../Frameworks",
				);
				PRODUCT_BUNDLE_IDENTIFIER = "Arash-Jash-Inc.NoteAppleWatchApp.watchkitapp.watchkitextension";
				PRODUCT_NAME = "${TARGET_NAME}";
				SDKROOT = watchos;
				SKIP_INSTALL = YES;
				SWIFT_VERSION = 5.0;
				TARGETED_DEVICE_FAMILY = 4;
				WATCHOS_DEPLOYMENT_TARGET = 6.2;
			};
			name = Debug;
		};
		213903DF2859B2B9004AB786 /* Release */ = {
			isa = XCBuildConfiguration;
			buildSettings = {
				ASSETCATALOG_COMPILER_COMPLICATION_NAME = Complication;
				CODE_SIGN_STYLE = Automatic;
				DEVELOPMENT_ASSET_PATHS = "\"NoteAppleWatchApp WatchKit Extension/Preview Content\"";
				ENABLE_PREVIEWS = YES;
				INFOPLIST_FILE = "NoteAppleWatchApp WatchKit Extension/Info.plist";
				LD_RUNPATH_SEARCH_PATHS = (
					"$(inherited)",
					"@executable_path/Frameworks",
					"@executable_path/../../Frameworks",
				);
				PRODUCT_BUNDLE_IDENTIFIER = "Arash-Jash-Inc.NoteAppleWatchApp.watchkitapp.watchkitextension";
				PRODUCT_NAME = "${TARGET_NAME}";
				SDKROOT = watchos;
				SKIP_INSTALL = YES;
				SWIFT_VERSION = 5.0;
				TARGETED_DEVICE_FAMILY = 4;
				WATCHOS_DEPLOYMENT_TARGET = 6.2;
			};
			name = Release;
		};
		213903E22859B2B9004AB786 /* Debug */ = {
			isa = XCBuildConfiguration;
			buildSettings = {
				ALWAYS_EMBED_SWIFT_STANDARD_LIBRARIES = YES;
				ASSETCATALOG_COMPILER_APPICON_NAME = AppIcon;
				CODE_SIGN_STYLE = Automatic;
				IBSC_MODULE = NoteAppleWatchApp_WatchKit_Extension;
				INFOPLIST_FILE = "NoteAppleWatchApp WatchKit App/Info.plist";
				PRODUCT_BUNDLE_IDENTIFIER = "Arash-Jash-Inc.NoteAppleWatchApp.watchkitapp";
				PRODUCT_NAME = "$(TARGET_NAME)";
				SDKROOT = watchos;
				SKIP_INSTALL = YES;
				SWIFT_VERSION = 5.0;
				TARGETED_DEVICE_FAMILY = 4;
				WATCHOS_DEPLOYMENT_TARGET = 6.2;
			};
			name = Debug;
		};
		213903E32859B2B9004AB786 /* Release */ = {
			isa = XCBuildConfiguration;
			buildSettings = {
				ALWAYS_EMBED_SWIFT_STANDARD_LIBRARIES = YES;
				ASSETCATALOG_COMPILER_APPICON_NAME = AppIcon;
				CODE_SIGN_STYLE = Automatic;
				IBSC_MODULE = NoteAppleWatchApp_WatchKit_Extension;
				INFOPLIST_FILE = "NoteAppleWatchApp WatchKit App/Info.plist";
				PRODUCT_BUNDLE_IDENTIFIER = "Arash-Jash-Inc.NoteAppleWatchApp.watchkitapp";
				PRODUCT_NAME = "$(TARGET_NAME)";
				SDKROOT = watchos;
				SKIP_INSTALL = YES;
				SWIFT_VERSION = 5.0;
				TARGETED_DEVICE_FAMILY = 4;
				WATCHOS_DEPLOYMENT_TARGET = 6.2;
			};
			name = Release;
		};
		213903E62859B2B9004AB786 /* Debug */ = {
			isa = XCBuildConfiguration;
			buildSettings = {
				CODE_SIGN_STYLE = Automatic;
				CURRENT_PROJECT_VERSION = 1;
				MARKETING_VERSION = 1.0;
				PRODUCT_BUNDLE_IDENTIFIER = "Arash-Jash-Inc.NoteAppleWatchApp";
				PRODUCT_NAME = "$(TARGET_NAME)";
				SWIFT_VERSION = 5.0;
			};
			name = Debug;
		};
		213903E72859B2B9004AB786 /* Release */ = {
			isa = XCBuildConfiguration;
			buildSettings = {
				CODE_SIGN_STYLE = Automatic;
				CURRENT_PROJECT_VERSION = 1;
				MARKETING_VERSION = 1.0;
				PRODUCT_BUNDLE_IDENTIFIER = "Arash-Jash-Inc.NoteAppleWatchApp";
				PRODUCT_NAME = "$(TARGET_NAME)";
				SWIFT_VERSION = 5.0;
			};
			name = Release;
		};
/* End XCBuildConfiguration section */

/* Begin XCConfigurationList section */
		213903B42859B2B1004AB786 /* Build configuration list for PBXProject "NoteAppleWatchApp" */ = {
			isa = XCConfigurationList;
			buildConfigurations = (
				213903DB2859B2B9004AB786 /* Debug */,
				213903DC2859B2B9004AB786 /* Release */,
			);
			defaultConfigurationIsVisible = 0;
			defaultConfigurationName = Release;
		};
		213903DD2859B2B9004AB786 /* Build configuration list for PBXNativeTarget "NoteAppleWatchApp WatchKit Extension" */ = {
			isa = XCConfigurationList;
			buildConfigurations = (
				213903DE2859B2B9004AB786 /* Debug */,
				213903DF2859B2B9004AB786 /* Release */,
			);
			defaultConfigurationIsVisible = 0;
			defaultConfigurationName = Release;
		};
		213903E12859B2B9004AB786 /* Build configuration list for PBXNativeTarget "NoteAppleWatchApp WatchKit App" */ = {
			isa = XCConfigurationList;
			buildConfigurations = (
				213903E22859B2B9004AB786 /* Debug */,
				213903E32859B2B9004AB786 /* Release */,
			);
			defaultConfigurationIsVisible = 0;
			defaultConfigurationName = Release;
		};
		213903E52859B2B9004AB786 /* Build configuration list for PBXNativeTarget "NoteAppleWatchApp" */ = {
			isa = XCConfigurationList;
			buildConfigurations = (
				213903E62859B2B9004AB786 /* Debug */,
				213903E72859B2B9004AB786 /* Release */,
			);
			defaultConfigurationIsVisible = 0;
			defaultConfigurationName = Release;
		};
/* End XCConfigurationList section */
	};
	rootObject = 213903B12859B2B1004AB786 /* Project object */;
}
